
Microsoft Visual Studio Solution File, Format Version 12.00
# Visual Studio Version 16
VisualStudioVersion = 16.0.30413.136
MinimumVisualStudioVersion = 10.0.40219.1
Project("{FAE04EC0-301F-11D3-BF4B-00C04F79EFBC}") = "AnonymDump", "AnonymDump\AnonymDump.csproj", "{94C33E82-BCE6-404E-8D2C-FF7A1880E923}"
EndProject
Project("{FAE04EC0-301F-11D3-BF4B-00C04F79EFBC}") = "DestroyComments", "DestroyComments\DestroyComments.csproj", "{579131F3-27E2-4B9E-BC1E-7612DF614777}"
EndProject
Project("{FAE04EC0-301F-11D3-BF4B-00C04F79EFBC}") = "PassBruter", "PassBruter\PassBruter.csproj", "{7D66DD23-D04F-43B0-9F32-D3FC256D207B}"
EndProject
Global
	GlobalSection(SolutionConfigurationPlatforms) = preSolution
		Debug|Any CPU = Debug|Any CPU
		Release|Any CPU = Release|Any CPU
	EndGlobalSection
	GlobalSection(ProjectConfigurationPlatforms) = postSolution
		{94C33E82-BCE6-404E-8D2C-FF7A1880E923}.Debug|Any CPU.ActiveCfg = Debug|Any CPU
		{94C33E82-BCE6-404E-8D2C-FF7A1880E923}.Debug|Any CPU.Build.0 = Debug|Any CPU
		{94C33E82-BCE6-404E-8D2C-FF7A1880E923}.Release|Any CPU.ActiveCfg = Release|Any CPU
		{94C33E82-BCE6-404E-8D2C-FF7A1880E923}.Release|Any CPU.Build.0 = Release|Any CPU
		{579131F3-27E2-4B9E-BC1E-7612DF614777}.Debug|Any CPU.ActiveCfg = Debug|Any CPU
		{579131F3-27E2-4B9E-BC1E-7612DF614777}.Debug|Any CPU.Build.0 = Debug|Any CPU
		{579131F3-27E2-4B9E-BC1E-7612DF614777}.Release|Any CPU.ActiveCfg = Release|Any CPU
		{579131F3-27E2-4B9E-BC1E-7612DF614777}.Release|Any CPU.Build.0 = Release|Any CPU
		{7D66DD23-D04F-43B0-9F32-D3FC256D207B}.Debug|Any CPU.ActiveCfg = Debug|Any CPU
		{7D66DD23-D04F-43B0-9F32-D3FC256D207B}.Debug|Any CPU.Build.0 = Debug|Any CPU
		{7D66DD23-D04F-43B0-9F32-D3FC256D207B}.Release|Any CPU.ActiveCfg = Release|Any CPU
		{7D66DD23-D04F-43B0-9F32-D3FC256D207B}.Release|Any CPU.Build.0 = Release|Any CPU
	EndGlobalSection
	GlobalSection(SolutionProperties) = preSolution
		HideSolutionNode = FALSE
	EndGlobalSection
	GlobalSection(ExtensibilityGlobals) = postSolution
		SolutionGuid = {6F565924-979A-40BC-B930-D5F7F320F5AF}
	EndGlobalSection
EndGlobal
